
Microsoft Visual Studio Solution File, Format Version 12.00
# Visual Studio 15
VisualStudioVersion = 15.0.28307.136
MinimumVisualStudioVersion = 10.0.40219.1
Project("{FAE04EC0-301F-11D3-BF4B-00C04F79EFBC}") = "AbstractTravelAgencyModel", "AbstractTravelAgencyModel.csproj", "{673C0CF0-C55C-4F52-BA83-2A433A0BD94F}"
EndProject
Global
	GlobalSection(SolutionConfigurationPlatforms) = preSolution
		Debug|Any CPU = Debug|Any CPU
		Release|Any CPU = Release|Any CPU
	EndGlobalSection
	GlobalSection(ProjectConfigurationPlatforms) = postSolution
		{673C0CF0-C55C-4F52-BA83-2A433A0BD94F}.Debug|Any CPU.ActiveCfg = Debug|Any CPU
		{673C0CF0-C55C-4F52-BA83-2A433A0BD94F}.Debug|Any CPU.Build.0 = Debug|Any CPU
		{673C0CF0-C55C-4F52-BA83-2A433A0BD94F}.Release|Any CPU.ActiveCfg = Release|Any CPU
		{673C0CF0-C55C-4F52-BA83-2A433A0BD94F}.Release|Any CPU.Build.0 = Release|Any CPU
	EndGlobalSection
	GlobalSection(SolutionProperties) = preSolution
		HideSolutionNode = FALSE
	EndGlobalSection
	GlobalSection(ExtensibilityGlobals) = postSolution
		SolutionGuid = {53D9B513-DBFF-40B1-A370-E1E05D4FA789}
	EndGlobalSection
EndGlobal
